<?xml version="1.0" encoding="utf-8"?>
<Project ToolsVersion="4.0" xmlns="http://schemas.microsoft.com/developer/msbuild/2003">
  <ItemGroup>
    <Filter Include="Source Files">
      <UniqueIdentifier>{4FC737F1-C7A5-4376-A066-2A32D752A2FF}</UniqueIdentifier>
      <Extensions>cpp;c;cc;cxx;def;odl;idl;hpj;bat;asm;asmx</Extensions>
    </Filter>
    <Filter Include="Header Files">
      <UniqueIdentifier>{93995380-89BD-4b04-88EB-625FBE52EBFB}</UniqueIdentifier>
      <Extensions>h;hh;hpp;hxx;hm;inl;inc;xsd</Extensions>
    </Filter>
    <Filter Include="Resource Files">
      <UniqueIdentifier>{67DA6AB6-F800-4c08-8B7A-83BB121AAD01}</UniqueIdentifier>
      <Extensions>rc;ico;cur;bmp;dlg;rc2;rct;bin;rgs;gif;jpg;jpeg;jpe;resx;tiff;tif;png;wav;mfcribbon-ms</Extensions>
    </Filter>
    <Filter Include="Source Files\Noise">
      <UniqueIdentifier>{bb27dd69-3c94-40d5-9b6b-2540fe657e48}</UniqueIdentifier>
    </Filter>
    <Filter Include="Source Files\Utils">
      <UniqueIdentifier>{4d64fb45-620a-4093-9a96-6e27dbe33ec1}</UniqueIdentifier>
    </Filter>
    <Filter Include="Source Files\Noise\Extern">
      <UniqueIdentifier>{6b56be24-40b7-4605-8088-6d7c834e0de5}</UniqueIdentifier>
    </Filter>
    <Filter Include="Source Files\Mesh">
      <UniqueIdentifier>{cfa59f21-af19-4cb2-bd55-df43306fef47}</UniqueIdentifier>
    </Filter>
  </ItemGroup>
  <ItemGroup>
    <ClInclude Include="Code\Utils\Globals.h">
      <Filter>Source Files\Utils</Filter>
    </ClInclude>
    <ClInclude Include="Code\Noise\PerlinNoise.h">
      <Filter>Source Files\Noise</Filter>
    </ClInclude>
    <ClInclude Include="Code\Utils\IncludeSTD.h">
      <Filter>Source Files\Utils</Filter>
    </ClInclude>
    <ClInclude Include="Code\Include.h">
      <Filter>Source Files</Filter>
    </ClInclude>
    <ClInclude Include="Code\Utils\GenImage.h">
      <Filter>Source Files\Utils</Filter>
    </ClInclude>
    <ClInclude Include="Code\Noise\Extern\SivPerlinNoise.h">
      <Filter>Source Files\Noise\Extern</Filter>
    </ClInclude>
    <ClInclude Include="Code\Mesh\MeshGenerator.h">
      <Filter>Source Files\Mesh</Filter>
    </ClInclude>
    <ClInclude Include="Code\Utils\Shaders.h">
      <Filter>Source Files\Utils</Filter>
    </ClInclude>
    <ClInclude Include="Code\TerrainConfig.h">
      <Filter>Source Files</Filter>
    </ClInclude>
  </ItemGroup>
  <ItemGroup>
    <ClCompile Include="Code\Noise\PerlinNoise.cpp">
      <Filter>Source Files\Noise</Filter>
    </ClCompile>
    <ClCompile Include="Code\Include.cpp">
      <Filter>Source Files</Filter>
    </ClCompile>
    <ClCompile Include="Code\Noise\NoiseMap.cpp">
      <Filter>Source Files\Noise</Filter>
    </ClCompile>
    <ClCompile Include="Code\Utils\GenImage.cpp">
      <Filter>Source Files\Utils</Filter>
    </ClCompile>
    <ClCompile Include="Code\Mesh\MeshGenerator.cpp">
      <Filter>Source Files\Mesh</Filter>
    </ClCompile>
    <ClCompile Include="Code\Utils\Shaders.cpp">
      <Filter>Source Files\Utils</Filter>
    </ClCompile>
  </ItemGroup>
</Project>